
Microsoft Visual Studio Solution File, Format Version 12.00
# Visual Studio 15
VisualStudioVersion = 15.0.27130.2020
MinimumVisualStudioVersion = 10.0.40219.1
Project("{FAE04EC0-301F-11D3-BF4B-00C04F79EFBC}") = "Microsoft.Practices.EnterpriseLibrary.TransientFaultHandling", "Microsoft.Practices.EnterpriseLibrary.TransientFaultHandling\Microsoft.Practices.EnterpriseLibrary.TransientFaultHandling.csproj", "{FF690319-F47D-44EF-AC6C-FB1B561C285F}"
EndProject
Global
	GlobalSection(SolutionConfigurationPlatforms) = preSolution
		Debug|Any CPU = Debug|Any CPU
		Release|Any CPU = Release|Any CPU
	EndGlobalSection
	GlobalSection(ProjectConfigurationPlatforms) = postSolution
		{FF690319-F47D-44EF-AC6C-FB1B561C285F}.Debug|Any CPU.ActiveCfg = Debug|Any CPU
		{FF690319-F47D-44EF-AC6C-FB1B561C285F}.Debug|Any CPU.Build.0 = Debug|Any CPU
		{FF690319-F47D-44EF-AC6C-FB1B561C285F}.Release|Any CPU.ActiveCfg = Release|Any CPU
		{FF690319-F47D-44EF-AC6C-FB1B561C285F}.Release|Any CPU.Build.0 = Release|Any CPU
	EndGlobalSection
	GlobalSection(SolutionProperties) = preSolution
		HideSolutionNode = FALSE
	EndGlobalSection
	GlobalSection(ExtensibilityGlobals) = postSolution
		SolutionGuid = {43D7B7F8-CD3F-4FBB-85CD-F4D695DF617C}
	EndGlobalSection
EndGlobal
