
Microsoft Visual Studio Solution File, Format Version 12.00
# Visual Studio 15
VisualStudioVersion = 15.0.27130.2010
MinimumVisualStudioVersion = 10.0.40219.1
Project("{FAE04EC0-301F-11D3-BF4B-00C04F79EFBC}") = "Microsoft.Practices.Unity.RegistrationByConvention", "Microsoft.Practices.Unity.RegistrationByConvention\Microsoft.Practices.Unity.RegistrationByConvention.csproj", "{A9D01AF5-88EC-425A-88F2-387E1029B5D5}"
EndProject
Global
	GlobalSection(SolutionConfigurationPlatforms) = preSolution
		Debug|Any CPU = Debug|Any CPU
		Release|Any CPU = Release|Any CPU
	EndGlobalSection
	GlobalSection(ProjectConfigurationPlatforms) = postSolution
		{A9D01AF5-88EC-425A-88F2-387E1029B5D5}.Debug|Any CPU.ActiveCfg = Debug|Any CPU
		{A9D01AF5-88EC-425A-88F2-387E1029B5D5}.Debug|Any CPU.Build.0 = Debug|Any CPU
		{A9D01AF5-88EC-425A-88F2-387E1029B5D5}.Release|Any CPU.ActiveCfg = Release|Any CPU
		{A9D01AF5-88EC-425A-88F2-387E1029B5D5}.Release|Any CPU.Build.0 = Release|Any CPU
	EndGlobalSection
	GlobalSection(SolutionProperties) = preSolution
		HideSolutionNode = FALSE
	EndGlobalSection
	GlobalSection(ExtensibilityGlobals) = postSolution
		SolutionGuid = {5A90365E-10EA-4E5B-9D9C-58AFB63856E3}
	EndGlobalSection
EndGlobal
