
Microsoft Visual Studio Solution File, Format Version 12.00
# Visual Studio 15
VisualStudioVersion = 15.0.27130.2020
MinimumVisualStudioVersion = 10.0.40219.1
Project("{FAE04EC0-301F-11D3-BF4B-00C04F79EFBC}") = "Microsoft.Practices.EnterpriseLibrary.SemanticLogging.TextFile", "Microsoft.Practices.EnterpriseLibrary.SemanticLogging.TextFile\Microsoft.Practices.EnterpriseLibrary.SemanticLogging.TextFile.csproj", "{86D3388C-E64F-486D-BA38-E032DBB981F1}"
EndProject
Global
	GlobalSection(SolutionConfigurationPlatforms) = preSolution
		Debug|Any CPU = Debug|Any CPU
		Release|Any CPU = Release|Any CPU
	EndGlobalSection
	GlobalSection(ProjectConfigurationPlatforms) = postSolution
		{86D3388C-E64F-486D-BA38-E032DBB981F1}.Debug|Any CPU.ActiveCfg = Debug|Any CPU
		{86D3388C-E64F-486D-BA38-E032DBB981F1}.Debug|Any CPU.Build.0 = Debug|Any CPU
		{86D3388C-E64F-486D-BA38-E032DBB981F1}.Release|Any CPU.ActiveCfg = Release|Any CPU
		{86D3388C-E64F-486D-BA38-E032DBB981F1}.Release|Any CPU.Build.0 = Release|Any CPU
	EndGlobalSection
	GlobalSection(SolutionProperties) = preSolution
		HideSolutionNode = FALSE
	EndGlobalSection
	GlobalSection(ExtensibilityGlobals) = postSolution
		SolutionGuid = {5F2BB81F-B1F7-43B5-8A27-C30A4DD0FE28}
	EndGlobalSection
EndGlobal
