
Microsoft Visual Studio Solution File, Format Version 12.00
# Visual Studio 15
VisualStudioVersion = 15.0.27130.2010
MinimumVisualStudioVersion = 10.0.40219.1
Project("{FAE04EC0-301F-11D3-BF4B-00C04F79EFBC}") = "Microsoft.Practices.EnterpriseLibrary.Caching", "Microsoft.Practices.EnterpriseLibrary.Caching\Microsoft.Practices.EnterpriseLibrary.Caching.csproj", "{CACE1744-7C81-4B58-97AB-95AB9F8C6953}"
EndProject
Global
	GlobalSection(SolutionConfigurationPlatforms) = preSolution
		Debug|Any CPU = Debug|Any CPU
		Release|Any CPU = Release|Any CPU
	EndGlobalSection
	GlobalSection(ProjectConfigurationPlatforms) = postSolution
		{CACE1744-7C81-4B58-97AB-95AB9F8C6953}.Debug|Any CPU.ActiveCfg = Debug|Any CPU
		{CACE1744-7C81-4B58-97AB-95AB9F8C6953}.Debug|Any CPU.Build.0 = Debug|Any CPU
		{CACE1744-7C81-4B58-97AB-95AB9F8C6953}.Release|Any CPU.ActiveCfg = Release|Any CPU
		{CACE1744-7C81-4B58-97AB-95AB9F8C6953}.Release|Any CPU.Build.0 = Release|Any CPU
	EndGlobalSection
	GlobalSection(SolutionProperties) = preSolution
		HideSolutionNode = FALSE
	EndGlobalSection
	GlobalSection(ExtensibilityGlobals) = postSolution
		SolutionGuid = {2B7EC040-574C-4B70-9986-4F261FC25F00}
	EndGlobalSection
EndGlobal
