
Microsoft Visual Studio Solution File, Format Version 12.00
# Visual Studio 15
VisualStudioVersion = 15.0.27130.2020
MinimumVisualStudioVersion = 10.0.40219.1
Project("{FAE04EC0-301F-11D3-BF4B-00C04F79EFBC}") = "Microsoft.Practices.EnterpriseLibrary.Logging.Database", "Microsoft.Practices.EnterpriseLibrary.Logging.Database\Microsoft.Practices.EnterpriseLibrary.Logging.Database.csproj", "{54C04F54-AC79-4023-B744-6EE2AA117B61}"
EndProject
Global
	GlobalSection(SolutionConfigurationPlatforms) = preSolution
		Debug|Any CPU = Debug|Any CPU
		Release|Any CPU = Release|Any CPU
	EndGlobalSection
	GlobalSection(ProjectConfigurationPlatforms) = postSolution
		{54C04F54-AC79-4023-B744-6EE2AA117B61}.Debug|Any CPU.ActiveCfg = Debug|Any CPU
		{54C04F54-AC79-4023-B744-6EE2AA117B61}.Debug|Any CPU.Build.0 = Debug|Any CPU
		{54C04F54-AC79-4023-B744-6EE2AA117B61}.Release|Any CPU.ActiveCfg = Release|Any CPU
		{54C04F54-AC79-4023-B744-6EE2AA117B61}.Release|Any CPU.Build.0 = Release|Any CPU
	EndGlobalSection
	GlobalSection(SolutionProperties) = preSolution
		HideSolutionNode = FALSE
	EndGlobalSection
	GlobalSection(ExtensibilityGlobals) = postSolution
		SolutionGuid = {A47B7826-E3C7-4D74-B57B-9DAA483EC079}
	EndGlobalSection
EndGlobal
