
Microsoft Visual Studio Solution File, Format Version 12.00
# Visual Studio 15
VisualStudioVersion = 15.0.27130.2010
MinimumVisualStudioVersion = 10.0.40219.1
Project("{FAE04EC0-301F-11D3-BF4B-00C04F79EFBC}") = "Microsoft.Practices.Unity", "Microsoft.Practices.Unity\Microsoft.Practices.Unity.csproj", "{40D59795-F31F-4BBB-BE91-39841B092E8E}"
EndProject
Global
	GlobalSection(SolutionConfigurationPlatforms) = preSolution
		Debug|Any CPU = Debug|Any CPU
		Release|Any CPU = Release|Any CPU
	EndGlobalSection
	GlobalSection(ProjectConfigurationPlatforms) = postSolution
		{40D59795-F31F-4BBB-BE91-39841B092E8E}.Debug|Any CPU.ActiveCfg = Debug|Any CPU
		{40D59795-F31F-4BBB-BE91-39841B092E8E}.Debug|Any CPU.Build.0 = Debug|Any CPU
		{40D59795-F31F-4BBB-BE91-39841B092E8E}.Release|Any CPU.ActiveCfg = Release|Any CPU
		{40D59795-F31F-4BBB-BE91-39841B092E8E}.Release|Any CPU.Build.0 = Release|Any CPU
	EndGlobalSection
	GlobalSection(SolutionProperties) = preSolution
		HideSolutionNode = FALSE
	EndGlobalSection
	GlobalSection(ExtensibilityGlobals) = postSolution
		SolutionGuid = {F165C298-8C3C-42C0-AF76-E443B6A18AC6}
	EndGlobalSection
EndGlobal
